
Microsoft Visual Studio Solution File, Format Version 12.00
# Visual Studio Version 17
VisualStudioVersion = 17.0.31612.314
MinimumVisualStudioVersion = 10.0.40219.1
Project("{FAE04EC0-301F-11D3-BF4B-00C04F79EFBC}") = "Lyngdorf Browser", "Lyngdorf Browser\Lyngdorf Browser.csproj", "{7612E05A-90F3-4CC4-B498-E6A1FFA61326}"
EndProject
Global
	GlobalSection(SolutionConfigurationPlatforms) = preSolution
		CD_ROM|Any CPU = CD_ROM|Any CPU
		CD_ROM|x64 = CD_ROM|x64
		Debug|Any CPU = Debug|Any CPU
		Debug|x64 = Debug|x64
		DVD-5|Any CPU = DVD-5|Any CPU
		DVD-5|x64 = DVD-5|x64
		Release|Any CPU = Release|Any CPU
		Release|x64 = Release|x64
		SingleImage|Any CPU = SingleImage|Any CPU
		SingleImage|x64 = SingleImage|x64
	EndGlobalSection
	GlobalSection(ProjectConfigurationPlatforms) = postSolution
		{7612E05A-90F3-4CC4-B498-E6A1FFA61326}.CD_ROM|Any CPU.ActiveCfg = Release|Any CPU
		{7612E05A-90F3-4CC4-B498-E6A1FFA61326}.CD_ROM|Any CPU.Build.0 = Release|Any CPU
		{7612E05A-90F3-4CC4-B498-E6A1FFA61326}.CD_ROM|x64.ActiveCfg = Debug|x64
		{7612E05A-90F3-4CC4-B498-E6A1FFA61326}.CD_ROM|x64.Build.0 = Debug|x64
		{7612E05A-90F3-4CC4-B498-E6A1FFA61326}.Debug|Any CPU.ActiveCfg = Debug|Any CPU
		{7612E05A-90F3-4CC4-B498-E6A1FFA61326}.Debug|Any CPU.Build.0 = Debug|Any CPU
		{7612E05A-90F3-4CC4-B498-E6A1FFA61326}.Debug|x64.ActiveCfg = Debug|x64
		{7612E05A-90F3-4CC4-B498-E6A1FFA61326}.Debug|x64.Build.0 = Debug|x64
		{7612E05A-90F3-4CC4-B498-E6A1FFA61326}.DVD-5|Any CPU.ActiveCfg = Debug|Any CPU
		{7612E05A-90F3-4CC4-B498-E6A1FFA61326}.DVD-5|Any CPU.Build.0 = Debug|Any CPU
		{7612E05A-90F3-4CC4-B498-E6A1FFA61326}.DVD-5|x64.ActiveCfg = Debug|x64
		{7612E05A-90F3-4CC4-B498-E6A1FFA61326}.DVD-5|x64.Build.0 = Debug|x64
		{7612E05A-90F3-4CC4-B498-E6A1FFA61326}.Release|Any CPU.ActiveCfg = Release|Any CPU
		{7612E05A-90F3-4CC4-B498-E6A1FFA61326}.Release|Any CPU.Build.0 = Release|Any CPU
		{7612E05A-90F3-4CC4-B498-E6A1FFA61326}.Release|x64.ActiveCfg = Release|x64
		{7612E05A-90F3-4CC4-B498-E6A1FFA61326}.Release|x64.Build.0 = Release|x64
		{7612E05A-90F3-4CC4-B498-E6A1FFA61326}.SingleImage|Any CPU.ActiveCfg = Release|Any CPU
		{7612E05A-90F3-4CC4-B498-E6A1FFA61326}.SingleImage|Any CPU.Build.0 = Release|Any CPU
		{7612E05A-90F3-4CC4-B498-E6A1FFA61326}.SingleImage|x64.ActiveCfg = Debug|x64
		{7612E05A-90F3-4CC4-B498-E6A1FFA61326}.SingleImage|x64.Build.0 = Debug|x64
	EndGlobalSection
	GlobalSection(SolutionProperties) = preSolution
		HideSolutionNode = FALSE
	EndGlobalSection
	GlobalSection(ExtensibilityGlobals) = postSolution
		SolutionGuid = {734A110C-7434-4A4E-8F9A-381AB6728A2B}
	EndGlobalSection
	GlobalSection(TeamFoundationVersionControl) = preSolution
		SccNumberOfProjects = 2
		SccEnterpriseProvider = {4CA58AB2-18FA-4F8D-95D4-32DDF27D184C}
		SccTeamFoundationServer = https://dev.azure.com/sonnes
		SccLocalPath0 = .
		SccProjectUniqueName1 = Lyngdorf\u0020Browser\\Lyngdorf\u0020Browser.csproj
		SccProjectName1 = Lyngdorf\u0020Browser
		SccLocalPath1 = Lyngdorf\u0020Browser
	EndGlobalSection
EndGlobal
